
Microsoft Visual Studio Solution File, Format Version 12.00
# Visual Studio Version 17
VisualStudioVersion = 17.6.33712.159
MinimumVisualStudioVersion = 10.0.40219.1
Project("{FAE04EC0-301F-11D3-BF4B-00C04F79EFBC}") = "SrCalc", "SrCalc.csproj", "{19BBCDE5-E808-4625-890F-340259F2AEB6}"
EndProject
Global
	GlobalSection(SolutionConfigurationPlatforms) = preSolution
		Debug|Any CPU = Debug|Any CPU
		Release|Any CPU = Release|Any CPU
	EndGlobalSection
	GlobalSection(ProjectConfigurationPlatforms) = postSolution
		{19BBCDE5-E808-4625-890F-340259F2AEB6}.Debug|Any CPU.ActiveCfg = Debug|Any CPU
		{19BBCDE5-E808-4625-890F-340259F2AEB6}.Debug|Any CPU.Build.0 = Debug|Any CPU
		{19BBCDE5-E808-4625-890F-340259F2AEB6}.Release|Any CPU.ActiveCfg = Release|Any CPU
		{19BBCDE5-E808-4625-890F-340259F2AEB6}.Release|Any CPU.Build.0 = Release|Any CPU
	EndGlobalSection
	GlobalSection(SolutionProperties) = preSolution
		HideSolutionNode = FALSE
	EndGlobalSection
	GlobalSection(ExtensibilityGlobals) = postSolution
		SolutionGuid = {F85CDC73-31FD-41AC-B9BB-5182E5AF5C61}
	EndGlobalSection
EndGlobal
